
Microsoft Visual Studio Solution File, Format Version 12.00
Project("{FAE04EC0-301F-11D3-BF4B-00C04F79EFBC}") = "Auth.API", "Auth.API\Auth.API.csproj", "{7E81A7DF-8A95-4438-8A23-0E910BD00BA1}"
EndProject
Global
	GlobalSection(SolutionConfigurationPlatforms) = preSolution
		Debug|Any CPU = Debug|Any CPU
		Release|Any CPU = Release|Any CPU
	EndGlobalSection
	GlobalSection(ProjectConfigurationPlatforms) = postSolution
		{7E81A7DF-8A95-4438-8A23-0E910BD00BA1}.Debug|Any CPU.ActiveCfg = Debug|Any CPU
		{7E81A7DF-8A95-4438-8A23-0E910BD00BA1}.Debug|Any CPU.Build.0 = Debug|Any CPU
		{7E81A7DF-8A95-4438-8A23-0E910BD00BA1}.Release|Any CPU.ActiveCfg = Release|Any CPU
		{7E81A7DF-8A95-4438-8A23-0E910BD00BA1}.Release|Any CPU.Build.0 = Release|Any CPU
	EndGlobalSection
EndGlobal
